
Microsoft Visual Studio Solution File, Format Version 12.00
# Visual Studio Version 17
VisualStudioVersion = 17.6.33801.468
MinimumVisualStudioVersion = 10.0.40219.1
Project("{9A19103F-16F7-4668-BE54-9A1E7A4F7556}") = "WebTODOMvc.BusinessLogic", "WebTODOMvc.BusinessLogic\WebTODOMvc.BusinessLogic.csproj", "{C26F8FEA-F013-45C8-87D8-DF71C0AF0DAC}"
EndProject
Project("{FAE04EC0-301F-11D3-BF4B-00C04F79EFBC}") = "WebTODOMvc.UI", "WebTODOMvc.UI\WebTODOMvc.UI.csproj", "{1A237796-1677-4781-A2DC-BEBADA6E884F}"
EndProject
Project("{FAE04EC0-301F-11D3-BF4B-00C04F79EFBC}") = "WebTODOMvc.WebAPI", "WebTODOMvc.WebAPI\WebTODOMvc.WebAPI.csproj", "{57B793BB-796C-4AEB-973D-D86B1F1A9405}"
EndProject
Global
	GlobalSection(SolutionConfigurationPlatforms) = preSolution
		Debug|Any CPU = Debug|Any CPU
		Release|Any CPU = Release|Any CPU
	EndGlobalSection
	GlobalSection(ProjectConfigurationPlatforms) = postSolution
		{C26F8FEA-F013-45C8-87D8-DF71C0AF0DAC}.Debug|Any CPU.ActiveCfg = Debug|Any CPU
		{C26F8FEA-F013-45C8-87D8-DF71C0AF0DAC}.Debug|Any CPU.Build.0 = Debug|Any CPU
		{C26F8FEA-F013-45C8-87D8-DF71C0AF0DAC}.Release|Any CPU.ActiveCfg = Release|Any CPU
		{C26F8FEA-F013-45C8-87D8-DF71C0AF0DAC}.Release|Any CPU.Build.0 = Release|Any CPU
		{1A237796-1677-4781-A2DC-BEBADA6E884F}.Debug|Any CPU.ActiveCfg = Debug|Any CPU
		{1A237796-1677-4781-A2DC-BEBADA6E884F}.Debug|Any CPU.Build.0 = Debug|Any CPU
		{1A237796-1677-4781-A2DC-BEBADA6E884F}.Release|Any CPU.ActiveCfg = Release|Any CPU
		{1A237796-1677-4781-A2DC-BEBADA6E884F}.Release|Any CPU.Build.0 = Release|Any CPU
		{57B793BB-796C-4AEB-973D-D86B1F1A9405}.Debug|Any CPU.ActiveCfg = Debug|Any CPU
		{57B793BB-796C-4AEB-973D-D86B1F1A9405}.Debug|Any CPU.Build.0 = Debug|Any CPU
		{57B793BB-796C-4AEB-973D-D86B1F1A9405}.Release|Any CPU.ActiveCfg = Release|Any CPU
		{57B793BB-796C-4AEB-973D-D86B1F1A9405}.Release|Any CPU.Build.0 = Release|Any CPU
	EndGlobalSection
	GlobalSection(SolutionProperties) = preSolution
		HideSolutionNode = FALSE
	EndGlobalSection
	GlobalSection(ExtensibilityGlobals) = postSolution
		SolutionGuid = {5F8306AB-485E-44C5-AD50-412DC22BF082}
	EndGlobalSection
EndGlobal
